// !$*UTF8*$!
{
	archiveVersion = 1;
	classes = {
	};
	objectVersion = 60;
	objects = {

/* Begin PBXBuildFile section */
		3A2B78D52C0EDABC00BB5FDB /* AppDelegate.swift in Sources */ = {isa = PBXBuildFile; fileRef = 3A2B78D42C0EDABC00BB5FDB /* AppDelegate.swift */; };
		3A2B78D72C0EDABC00BB5FDB /* art.scnassets in Resources */ = {isa = PBXBuildFile; fileRef = 3A2B78D62C0EDABC00BB5FDB /* art.scnassets */; };
		3A2B78D92C0EDABC00BB5FDB /* GameViewController.swift in Sources */ = {isa = PBXBuildFile; fileRef = 3A2B78D82C0EDABC00BB5FDB /* GameViewController.swift */; };
		3A2B78DE2C0EDABE00BB5FDB /* Assets.xcassets in Resources */ = {isa = PBXBuildFile; fileRef = 3A2B78DD2C0EDABE00BB5FDB /* Assets.xcassets */; };
		3A2B78F42C0EDE9600BB5FDB /* EndlessRunnerApp.swift in Sources */ = {isa = PBXBuildFile; fileRef = 3A2B78F32C0EDE9600BB5FDB /* EndlessRunnerApp.swift */; };
		3A2B78F62C0EDEA900BB5FDB /* ContentView.swift in Sources */ = {isa = PBXBuildFile; fileRef = 3A2B78F52C0EDEA900BB5FDB /* ContentView.swift */; };
		3A2B78F82C0EDECF00BB5FDB /* GameScene.swift in Sources */ = {isa = PBXBuildFile; fileRef = 3A2B78F72C0EDECF00BB5FDB /* GameScene.swift */; };
		3A2B78FA2C0EDF0900BB5FDB /* TreeNode.swift in Sources */ = {isa = PBXBuildFile; fileRef = 3A2B78F92C0EDF0900BB5FDB /* TreeNode.swift */; };
		3ACCDCFA2C0F39BA00335B03 /* CarrotNode.swift in Sources */ = {isa = PBXBuildFile; fileRef = 3ACCDCF92C0F39BA00335B03 /* CarrotNode.swift */; };
/* End PBXBuildFile section */

/* Begin PBXFileReference section */
		3A2B78D12C0EDABC00BB5FDB /* EndlessRabbit.app */ = {isa = PBXFileReference; explicitFileType = wrapper.application; includeInIndex = 0; path = EndlessRabbit.app; sourceTree = BUILT_PRODUCTS_DIR; };
		3A2B78D42C0EDABC00BB5FDB /* AppDelegate.swift */ = {isa = PBXFileReference; lastKnownFileType = sourcecode.swift; path = AppDelegate.swift; sourceTree = "<group>"; };
		3A2B78D62C0EDABC00BB5FDB /* art.scnassets */ = {isa = PBXFileReference; lastKnownFileType = wrapper.scnassets; path = art.scnassets; sourceTree = "<group>"; };
		3A2B78D82C0EDABC00BB5FDB /* GameViewController.swift */ = {isa = PBXFileReference; lastKnownFileType = sourcecode.swift; path = GameViewController.swift; sourceTree = "<group>"; };
		3A2B78DD2C0EDABE00BB5FDB /* Assets.xcassets */ = {isa = PBXFileReference; lastKnownFileType = folder.assetcatalog; path = Assets.xcassets; sourceTree = "<group>"; };
		3A2B78F32C0EDE9600BB5FDB /* EndlessRunnerApp.swift */ = {isa = PBXFileReference; lastKnownFileType = sourcecode.swift; path = EndlessRunnerApp.swift; sourceTree = "<group>"; };
		3A2B78F52C0EDEA900BB5FDB /* ContentView.swift */ = {isa = PBXFileReference; lastKnownFileType = sourcecode.swift; path = ContentView.swift; sourceTree = "<group>"; };
		3A2B78F72C0EDECF00BB5FDB /* GameScene.swift */ = {isa = PBXFileReference; lastKnownFileType = sourcecode.swift; path = GameScene.swift; sourceTree = "<group>"; };
		3A2B78F92C0EDF0900BB5FDB /* TreeNode.swift */ = {isa = PBXFileReference; lastKnownFileType = sourcecode.swift; path = TreeNode.swift; sourceTree = "<group>"; };
		3ACCDCF82C0F08B700335B03 /* Info.plist */ = {isa = PBXFileReference; lastKnownFileType = text.plist; path = Info.plist; sourceTree = "<group>"; };
		3ACCDCF92C0F39BA00335B03 /* CarrotNode.swift */ = {isa = PBXFileReference; lastKnownFileType = sourcecode.swift; path = CarrotNode.swift; sourceTree = "<group>"; };
/* End PBXFileReference section */

/* Begin PBXFrameworksBuildPhase section */
		3A2B78CE2C0EDABC00BB5FDB /* Frameworks */ = {
			isa = PBXFrameworksBuildPhase;
			buildActionMask = 2147483647;
			files = (
			);
			runOnlyForDeploymentPostprocessing = 0;
		};
/* End PBXFrameworksBuildPhase section */

/* Begin PBXGroup section */
		3A2B78C82C0EDABC00BB5FDB = {
			isa = PBXGroup;
			children = (
				3A2B78D32C0EDABC00BB5FDB /* EndlessRabbit */,
				3A2B78D22C0EDABC00BB5FDB /* Products */,
			);
			sourceTree = "<group>";
			tabWidth = 4;
		};
		3A2B78D22C0EDABC00BB5FDB /* Products */ = {
			isa = PBXGroup;
			children = (
				3A2B78D12C0EDABC00BB5FDB /* EndlessRabbit.app */,
			);
			name = Products;
			sourceTree = "<group>";
		};
		3A2B78D32C0EDABC00BB5FDB /* EndlessRabbit */ = {
			isa = PBXGroup;
			children = (
				3ACCDCF82C0F08B700335B03 /* Info.plist */,
				3A2B78F52C0EDEA900BB5FDB /* ContentView.swift */,
				3A2B78D42C0EDABC00BB5FDB /* AppDelegate.swift */,
				3A2B78F32C0EDE9600BB5FDB /* EndlessRunnerApp.swift */,
				3A2B78F92C0EDF0900BB5FDB /* TreeNode.swift */,
				3A2B78D82C0EDABC00BB5FDB /* GameViewController.swift */,
				3ACCDCF92C0F39BA00335B03 /* CarrotNode.swift */,
				3A2B78F72C0EDECF00BB5FDB /* GameScene.swift */,
				3A2B78D62C0EDABC00BB5FDB /* art.scnassets */,
				3A2B78DD2C0EDABE00BB5FDB /* Assets.xcassets */,
			);
			path = EndlessRabbit;
			sourceTree = "<group>";
		};
/* End PBXGroup section */

/* Begin PBXNativeTarget section */
		3A2B78D02C0EDABC00BB5FDB /* EndlessRabbit */ = {
			isa = PBXNativeTarget;
			buildConfigurationList = 3A2B78E42C0EDABE00BB5FDB /* Build configuration list for PBXNativeTarget "EndlessRabbit" */;
			buildPhases = (
				3A2B78CD2C0EDABC00BB5FDB /* Sources */,
				3A2B78CE2C0EDABC00BB5FDB /* Frameworks */,
				3A2B78CF2C0EDABC00BB5FDB /* Resources */,
			);
			buildRules = (
			);
			dependencies = (
			);
			name = EndlessRabbit;
			productName = EndlessRabbit;
			productReference = 3A2B78D12C0EDABC00BB5FDB /* EndlessRabbit.app */;
			productType = "com.apple.product-type.application";
		};
/* End PBXNativeTarget section */

/* Begin PBXProject section */
		3A2B78C92C0EDABC00BB5FDB /* Project object */ = {
			isa = PBXProject;
			attributes = {
				BuildIndependentTargetsInParallel = 1;
				LastSwiftUpdateCheck = 1540;
				LastUpgradeCheck = 1540;
				TargetAttributes = {
					3A2B78D02C0EDABC00BB5FDB = {
						CreatedOnToolsVersion = 15.4;
					};
				};
			};
			buildConfigurationList = 3A2B78CC2C0EDABC00BB5FDB /* Build configuration list for PBXProject "EndlessRabbit" */;
			compatibilityVersion = "Xcode 15.0";
			developmentRegion = en;
			hasScannedForEncodings = 0;
			knownRegions = (
				en,
				Base,
			);
			mainGroup = 3A2B78C82C0EDABC00BB5FDB;
			productRefGroup = 3A2B78D22C0EDABC00BB5FDB /* Products */;
			projectDirPath = "";
			projectRoot = "";
			targets = (
				3A2B78D02C0EDABC00BB5FDB /* EndlessRabbit */,
			);
		};
/* End PBXProject section */

/* Begin PBXResourcesBuildPhase section */
		3A2B78CF2C0EDABC00BB5FDB /* Resources */ = {
			isa = PBXResourcesBuildPhase;
			buildActionMask = 2147483647;
			files = (
				3A2B78D72C0EDABC00BB5FDB /* art.scnassets in Resources */,
				3A2B78DE2C0EDABE00BB5FDB /* Assets.xcassets in Resources */,
			);
			runOnlyForDeploymentPostprocessing = 0;
		};
/* End PBXResourcesBuildPhase section */

/* Begin PBXSourcesBuildPhase section */
		3A2B78CD2C0EDABC00BB5FDB /* Sources */ = {
			isa = PBXSourcesBuildPhase;
			buildActionMask = 2147483647;
			files = (
				3A2B78F82C0EDECF00BB5FDB /* GameScene.swift in Sources */,
				3A2B78D92C0EDABC00BB5FDB /* GameViewController.swift in Sources */,
				3A2B78D52C0EDABC00BB5FDB /* AppDelegate.swift in Sources */,
				3ACCDCFA2C0F39BA00335B03 /* CarrotNode.swift in Sources */,
				3A2B78F62C0EDEA900BB5FDB /* ContentView.swift in Sources */,
				3A2B78F42C0EDE9600BB5FDB /* EndlessRunnerApp.swift in Sources */,
				3A2B78FA2C0EDF0900BB5FDB /* TreeNode.swift in Sources */,
			);
			runOnlyForDeploymentPostprocessing = 0;
		};
/* End PBXSourcesBuildPhase section */

/* Begin XCBuildConfiguration section */
		3A2B78E22C0EDABE00BB5FDB /* Debug */ = {
			isa = XCBuildConfiguration;
			buildSettings = {
				ALWAYS_SEARCH_USER_PATHS = NO;
				ASSETCATALOG_COMPILER_GENERATE_SWIFT_ASSET_SYMBOL_EXTENSIONS = YES;
				CLANG_ANALYZER_NONNULL = YES;
				CLANG_ANALYZER_NUMBER_OBJECT_CONVERSION = YES_AGGRESSIVE;
				CLANG_CXX_LANGUAGE_STANDARD = "gnu++20";
				CLANG_ENABLE_MODULES = YES;
				CLANG_ENABLE_OBJC_ARC = YES;
				CLANG_ENABLE_OBJC_WEAK = YES;
				CLANG_WARN_BLOCK_CAPTURE_AUTORELEASING = YES;
				CLANG_WARN_BOOL_CONVERSION = YES;
				CLANG_WARN_COMMA = YES;
				CLANG_WARN_CONSTANT_CONVERSION = YES;
				CLANG_WARN_DEPRECATED_OBJC_IMPLEMENTATIONS = YES;
				CLANG_WARN_DIRECT_OBJC_ISA_USAGE = YES_ERROR;
				CLANG_WARN_DOCUMENTATION_COMMENTS = YES;
				CLANG_WARN_EMPTY_BODY = YES;
				CLANG_WARN_ENUM_CONVERSION = YES;
				CLANG_WARN_INFINITE_RECURSION = YES;
				CLANG_WARN_INT_CONVERSION = YES;
				CLANG_WARN_NON_LITERAL_NULL_CONVERSION = YES;
				CLANG_WARN_OBJC_IMPLICIT_RETAIN_SELF = YES;
				CLANG_WARN_OBJC_LITERAL_CONVERSION = YES;
				CLANG_WARN_OBJC_ROOT_CLASS = YES_ERROR;
				CLANG_WARN_QUOTED_INCLUDE_IN_FRAMEWORK_HEADER = YES;
				CLANG_WARN_RANGE_LOOP_ANALYSIS = YES;
				CLANG_WARN_STRICT_PROTOTYPES = YES;
				CLANG_WARN_SUSPICIOUS_MOVE = YES;
				CLANG_WARN_UNGUARDED_AVAILABILITY = YES_AGGRESSIVE;
				CLANG_WARN_UNREACHABLE_CODE = YES;
				CLANG_WARN__DUPLICATE_METHOD_MATCH = YES;
				COPY_PHASE_STRIP = NO;
				DEBUG_INFORMATION_FORMAT = dwarf;
				ENABLE_STRICT_OBJC_MSGSEND = YES;
				ENABLE_TESTABILITY = YES;
				ENABLE_USER_SCRIPT_SANDBOXING = YES;
				GCC_C_LANGUAGE_STANDARD = gnu17;
				GCC_DYNAMIC_NO_PIC = NO;
				GCC_NO_COMMON_BLOCKS = YES;
				GCC_OPTIMIZATION_LEVEL = 0;
				GCC_PREPROCESSOR_DEFINITIONS = (
					"DEBUG=1",
					"$(inherited)",
				);
				GCC_WARN_64_TO_32_BIT_CONVERSION = YES;
				GCC_WARN_ABOUT_RETURN_TYPE = YES_ERROR;
				GCC_WARN_UNDECLARED_SELECTOR = YES;
				GCC_WARN_UNINITIALIZED_AUTOS = YES_AGGRESSIVE;
				GCC_WARN_UNUSED_FUNCTION = YES;
				GCC_WARN_UNUSED_VARIABLE = YES;
				IPHONEOS_DEPLOYMENT_TARGET = 17.0;
				LOCALIZATION_PREFERS_STRING_CATALOGS = YES;
				MTL_ENABLE_DEBUG_INFO = INCLUDE_SOURCE;
				MTL_FAST_MATH = YES;
				ONLY_ACTIVE_ARCH = YES;
				SDKROOT = iphoneos;
				SWIFT_ACTIVE_COMPILATION_CONDITIONS = "DEBUG $(inherited)";
				SWIFT_OPTIMIZATION_LEVEL = "-Onone";
			};
			name = Debug;
		};
		3A2B78E32C0EDABE00BB5FDB /* Release */ = {
			isa = XCBuildConfiguration;
			buildSettings = {
				ALWAYS_SEARCH_USER_PATHS = NO;
				ASSETCATALOG_COMPILER_GENERATE_SWIFT_ASSET_SYMBOL_EXTENSIONS = YES;
				CLANG_ANALYZER_NONNULL = YES;
				CLANG_ANALYZER_NUMBER_OBJECT_CONVERSION = YES_AGGRESSIVE;
				CLANG_CXX_LANGUAGE_STANDARD = "gnu++20";
				CLANG_ENABLE_MODULES = YES;
				CLANG_ENABLE_OBJC_ARC = YES;
				CLANG_ENABLE_OBJC_WEAK = YES;
				CLANG_WARN_BLOCK_CAPTURE_AUTORELEASING = YES;
				CLANG_WARN_BOOL_CONVERSION = YES;
				CLANG_WARN_COMMA = YES;
				CLANG_WARN_CONSTANT_CONVERSION = YES;
				CLANG_WARN_DEPRECATED_OBJC_IMPLEMENTATIONS = YES;
				CLANG_WARN_DIRECT_OBJC_ISA_USAGE = YES_ERROR;
				CLANG_WARN_DOCUMENTATION_COMMENTS = YES;
				CLANG_WARN_EMPTY_BODY = YES;
				CLANG_WARN_ENUM_CONVERSION = YES;
				CLANG_WARN_INFINITE_RECURSION = YES;
				CLANG_WARN_INT_CONVERSION = YES;
				CLANG_WARN_NON_LITERAL_NULL_CONVERSION = YES;
				CLANG_WARN_OBJC_IMPLICIT_RETAIN_SELF = YES;
				CLANG_WARN_OBJC_LITERAL_CONVERSION = YES;
				CLANG_WARN_OBJC_ROOT_CLASS = YES_ERROR;
				CLANG_WARN_QUOTED_INCLUDE_IN_FRAMEWORK_HEADER = YES;
				CLANG_WARN_RANGE_LOOP_ANALYSIS = YES;
				CLANG_WARN_STRICT_PROTOTYPES = YES;
				CLANG_WARN_SUSPICIOUS_MOVE = YES;
				CLANG_WARN_UNGUARDED_AVAILABILITY = YES_AGGRESSIVE;
				CLANG_WARN_UNREACHABLE_CODE = YES;
				CLANG_WARN__DUPLICATE_METHOD_MATCH = YES;
				COPY_PHASE_STRIP = NO;
				DEBUG_INFORMATION_FORMAT = "dwarf-with-dsym";
				ENABLE_NS_ASSERTIONS = NO;
				ENABLE_STRICT_OBJC_MSGSEND = YES;
				ENABLE_USER_SCRIPT_SANDBOXING = YES;
				GCC_C_LANGUAGE_STANDARD = gnu17;
				GCC_NO_COMMON_BLOCKS = YES;
				GCC_WARN_64_TO_32_BIT_CONVERSION = YES;
				GCC_WARN_ABOUT_RETURN_TYPE = YES_ERROR;
				GCC_WARN_UNDECLARED_SELECTOR = YES;
				GCC_WARN_UNINITIALIZED_AUTOS = YES_AGGRESSIVE;
				GCC_WARN_UNUSED_FUNCTION = YES;
				GCC_WARN_UNUSED_VARIABLE = YES;
				IPHONEOS_DEPLOYMENT_TARGET = 17.0;
				LOCALIZATION_PREFERS_STRING_CATALOGS = YES;
				MTL_ENABLE_DEBUG_INFO = NO;
				MTL_FAST_MATH = YES;
				SDKROOT = iphoneos;
				SWIFT_COMPILATION_MODE = wholemodule;
				VALIDATE_PRODUCT = YES;
			};
			name = Release;
		};
		3A2B78E52C0EDABE00BB5FDB /* Debug */ = {
			isa = XCBuildConfiguration;
			buildSettings = {
				ASSETCATALOG_COMPILER_APPICON_NAME = AppIcon;
				ASSETCATALOG_COMPILER_GLOBAL_ACCENT_COLOR_NAME = AccentColor;
				CODE_SIGN_STYLE = Automatic;
				CURRENT_PROJECT_VERSION = 1;
				DEVELOPMENT_TEAM = L59DYZ947X;
				GENERATE_INFOPLIST_FILE = YES;
				INFOPLIST_FILE = EndlessRabbit/Info.plist;
				INFOPLIST_KEY_CFBundleDisplayName = "";
				INFOPLIST_KEY_LSApplicationCategoryType = "";
				INFOPLIST_KEY_NSHumanReadableCopyright = "";
				INFOPLIST_KEY_UIApplicationSupportsIndirectInputEvents = YES;
				INFOPLIST_KEY_UIRequiresFullScreen = YES;
				INFOPLIST_KEY_UIStatusBarHidden = YES;
				INFOPLIST_KEY_UISupportedInterfaceOrientations = UIInterfaceOrientationPortrait;
				IPHONEOS_DEPLOYMENT_TARGET = 15.0;
				LD_RUNPATH_SEARCH_PATHS = (
					"$(inherited)",
					"@executable_path/Frameworks",
				);
				MARKETING_VERSION = 1.0;
				PRODUCT_BUNDLE_IDENTIFIER = com.ahmed..EndlessRabbit;
				PRODUCT_NAME = "$(TARGET_NAME)";
				SWIFT_EMIT_LOC_STRINGS = YES;
				SWIFT_VERSION = 5.0;
				TARGETED_DEVICE_FAMILY = "1,2";
			};
			name = Debug;
		};
		3A2B78E62C0EDABE00BB5FDB /* Release */ = {
			isa = XCBuildConfiguration;
			buildSettings = {
				ASSETCATALOG_COMPILER_APPICON_NAME = AppIcon;
				ASSETCATALOG_COMPILER_GLOBAL_ACCENT_COLOR_NAME = AccentColor;
				CODE_SIGN_STYLE = Automatic;
				CURRENT_PROJECT_VERSION = 1;
				DEVELOPMENT_TEAM = L59DYZ947X;
				GENERATE_INFOPLIST_FILE = YES;
				INFOPLIST_FILE = EndlessRabbit/Info.plist;
				INFOPLIST_KEY_CFBundleDisplayName = "";
				INFOPLIST_KEY_LSApplicationCategoryType = "";
				INFOPLIST_KEY_NSHumanReadableCopyright = "";
				INFOPLIST_KEY_UIApplicationSupportsIndirectInputEvents = YES;
				INFOPLIST_KEY_UIRequiresFullScreen = YES;
				INFOPLIST_KEY_UIStatusBarHidden = YES;
				INFOPLIST_KEY_UISupportedInterfaceOrientations = UIInterfaceOrientationPortrait;
				IPHONEOS_DEPLOYMENT_TARGET = 15.0;
				LD_RUNPATH_SEARCH_PATHS = (
					"$(inherited)",
					"@executable_path/Frameworks",
				);
				MARKETING_VERSION = 1.0;
				PRODUCT_BUNDLE_IDENTIFIER = com.ahmed..EndlessRabbit;
				PRODUCT_NAME = "$(TARGET_NAME)";
				SWIFT_EMIT_LOC_STRINGS = YES;
				SWIFT_VERSION = 5.0;
				TARGETED_DEVICE_FAMILY = "1,2";
			};
			name = Release;
		};
/* End XCBuildConfiguration section */

/* Begin XCConfigurationList section */
		3A2B78CC2C0EDABC00BB5FDB /* Build configuration list for PBXProject "EndlessRabbit" */ = {
			isa = XCConfigurationList;
			buildConfigurations = (
				3A2B78E22C0EDABE00BB5FDB /* Debug */,
				3A2B78E32C0EDABE00BB5FDB /* Release */,
			);
			defaultConfigurationIsVisible = 0;
			defaultConfigurationName = Release;
		};
		3A2B78E42C0EDABE00BB5FDB /* Build configuration list for PBXNativeTarget "EndlessRabbit" */ = {
			isa = XCConfigurationList;
			buildConfigurations = (
				3A2B78E52C0EDABE00BB5FDB /* Debug */,
				3A2B78E62C0EDABE00BB5FDB /* Release */,
			);
			defaultConfigurationIsVisible = 0;
			defaultConfigurationName = Release;
		};
/* End XCConfigurationList section */
	};
	rootObject = 3A2B78C92C0EDABC00BB5FDB /* Project object */;
}
